
Microsoft Visual Studio Solution File, Format Version 12.00
# Visual Studio 15
VisualStudioVersion = 15.0.28306.52
MinimumVisualStudioVersion = 10.0.40219.1
Project("{CC5FD16D-436D-48AD-A40C-5A424C6E3E79}") = "AzureCloudServiceAssignment1", "AzureCloudServiceAssignment1\AzureCloudServiceAssignment1.ccproj", "{D7C5A6A2-D997-4717-A435-851BA94A2398}"
EndProject
Project("{FAE04EC0-301F-11D3-BF4B-00C04F79EFBC}") = "BussinessLogic", "BussinessLogic\BussinessLogic.csproj", "{F0308A47-134B-46F0-87D0-D78904BA734D}"
EndProject
Project("{FAE04EC0-301F-11D3-BF4B-00C04F79EFBC}") = "BusinessLogic.Tests", "TestBusinessLogic\BusinessLogic.Tests.csproj", "{8CC291E1-C1B9-4EF2-8247-35EF648DFDFB}"
EndProject
Project("{FAE04EC0-301F-11D3-BF4B-00C04F79EFBC}") = "WebRole2", "WebRole2\WebRole2.csproj", "{11399EA7-CE84-42EE-BA05-8D8ED0AB4242}"
EndProject
Project("{2150E333-8FDC-42A3-9474-1A3956D46DE8}") = "Infrastructure", "Infrastructure", "{26D7230C-7A2C-4EA3-9799-2B63A894A118}"
EndProject
Project("{2150E333-8FDC-42A3-9474-1A3956D46DE8}") = "Src", "Src", "{ECD35950-DCA9-4A82-AE3D-FF55B1329CB0}"
EndProject
Project("{2150E333-8FDC-42A3-9474-1A3956D46DE8}") = "Tests", "Tests", "{AF069E38-BD55-474F-A7AE-CECFBFA1F9A4}"
EndProject
Project("{2150E333-8FDC-42A3-9474-1A3956D46DE8}") = "Docs", "Docs", "{848F19B5-2383-4C9B-B8FF-E1B5D605E40B}"
	ProjectSection(SolutionItems) = preProject
		ReadMe.md = ReadMe.md
	EndProjectSection
EndProject
Project("{2150E333-8FDC-42A3-9474-1A3956D46DE8}") = "Core", "Core", "{432B9ADB-0039-4853-A761-810700B02811}"
EndProject
Project("{2150E333-8FDC-42A3-9474-1A3956D46DE8}") = "Core", "Core", "{07CB8DF9-67AB-4D32-9D3F-3F7134331DE6}"
EndProject
Project("{2150E333-8FDC-42A3-9474-1A3956D46DE8}") = "Infrastructure", "Infrastructure", "{B4CB9C01-AD10-4F48-A1C8-F0B07EB14E32}"
EndProject
Project("{FAE04EC0-301F-11D3-BF4B-00C04F79EFBC}") = "WebRole2.Tests", "WebRole2.Tests\WebRole2.Tests.csproj", "{370BA4F3-F31D-44A5-97AE-ED697B779D94}"
EndProject
Global
	GlobalSection(SolutionConfigurationPlatforms) = preSolution
		Debug|Any CPU = Debug|Any CPU
		Release|Any CPU = Release|Any CPU
	EndGlobalSection
	GlobalSection(ProjectConfigurationPlatforms) = postSolution
		{D7C5A6A2-D997-4717-A435-851BA94A2398}.Debug|Any CPU.ActiveCfg = Debug|Any CPU
		{D7C5A6A2-D997-4717-A435-851BA94A2398}.Debug|Any CPU.Build.0 = Debug|Any CPU
		{D7C5A6A2-D997-4717-A435-851BA94A2398}.Release|Any CPU.ActiveCfg = Release|Any CPU
		{D7C5A6A2-D997-4717-A435-851BA94A2398}.Release|Any CPU.Build.0 = Release|Any CPU
		{F0308A47-134B-46F0-87D0-D78904BA734D}.Debug|Any CPU.ActiveCfg = Debug|Any CPU
		{F0308A47-134B-46F0-87D0-D78904BA734D}.Debug|Any CPU.Build.0 = Debug|Any CPU
		{F0308A47-134B-46F0-87D0-D78904BA734D}.Release|Any CPU.ActiveCfg = Release|Any CPU
		{F0308A47-134B-46F0-87D0-D78904BA734D}.Release|Any CPU.Build.0 = Release|Any CPU
		{8CC291E1-C1B9-4EF2-8247-35EF648DFDFB}.Debug|Any CPU.ActiveCfg = Debug|Any CPU
		{8CC291E1-C1B9-4EF2-8247-35EF648DFDFB}.Debug|Any CPU.Build.0 = Debug|Any CPU
		{8CC291E1-C1B9-4EF2-8247-35EF648DFDFB}.Release|Any CPU.ActiveCfg = Release|Any CPU
		{8CC291E1-C1B9-4EF2-8247-35EF648DFDFB}.Release|Any CPU.Build.0 = Release|Any CPU
		{11399EA7-CE84-42EE-BA05-8D8ED0AB4242}.Debug|Any CPU.ActiveCfg = Debug|Any CPU
		{11399EA7-CE84-42EE-BA05-8D8ED0AB4242}.Debug|Any CPU.Build.0 = Debug|Any CPU
		{11399EA7-CE84-42EE-BA05-8D8ED0AB4242}.Release|Any CPU.ActiveCfg = Release|Any CPU
		{11399EA7-CE84-42EE-BA05-8D8ED0AB4242}.Release|Any CPU.Build.0 = Release|Any CPU
		{370BA4F3-F31D-44A5-97AE-ED697B779D94}.Debug|Any CPU.ActiveCfg = Debug|Any CPU
		{370BA4F3-F31D-44A5-97AE-ED697B779D94}.Debug|Any CPU.Build.0 = Debug|Any CPU
		{370BA4F3-F31D-44A5-97AE-ED697B779D94}.Release|Any CPU.ActiveCfg = Release|Any CPU
		{370BA4F3-F31D-44A5-97AE-ED697B779D94}.Release|Any CPU.Build.0 = Release|Any CPU
	EndGlobalSection
	GlobalSection(SolutionProperties) = preSolution
		HideSolutionNode = FALSE
	EndGlobalSection
	GlobalSection(NestedProjects) = preSolution
		{D7C5A6A2-D997-4717-A435-851BA94A2398} = {26D7230C-7A2C-4EA3-9799-2B63A894A118}
		{F0308A47-134B-46F0-87D0-D78904BA734D} = {432B9ADB-0039-4853-A761-810700B02811}
		{8CC291E1-C1B9-4EF2-8247-35EF648DFDFB} = {07CB8DF9-67AB-4D32-9D3F-3F7134331DE6}
		{11399EA7-CE84-42EE-BA05-8D8ED0AB4242} = {26D7230C-7A2C-4EA3-9799-2B63A894A118}
		{26D7230C-7A2C-4EA3-9799-2B63A894A118} = {ECD35950-DCA9-4A82-AE3D-FF55B1329CB0}
		{432B9ADB-0039-4853-A761-810700B02811} = {ECD35950-DCA9-4A82-AE3D-FF55B1329CB0}
		{07CB8DF9-67AB-4D32-9D3F-3F7134331DE6} = {AF069E38-BD55-474F-A7AE-CECFBFA1F9A4}
		{B4CB9C01-AD10-4F48-A1C8-F0B07EB14E32} = {AF069E38-BD55-474F-A7AE-CECFBFA1F9A4}
		{370BA4F3-F31D-44A5-97AE-ED697B779D94} = {B4CB9C01-AD10-4F48-A1C8-F0B07EB14E32}
	EndGlobalSection
	GlobalSection(ExtensibilityGlobals) = postSolution
		SolutionGuid = {35C6BFFE-06D7-4A94-A9BB-EA19686C5F32}
	EndGlobalSection
EndGlobal
